# THIS IS AN AUTOGENERATED FILE. DO NOT EDIT THIS FILE DIRECTLY.
# yarn lockfile v1


dockerstats@^1.2.8:
  version "1.2.8"
  resolved "https://registry.yarnpkg.com/dockerstats/-/dockerstats-1.2.8.tgz#5210b59bffdd8abca2260c844e5798650cf837b6"
  integrity sha512-dFGEdM9dNi7W2yOXW8uSyeG0+xoGKb1bljFksCITyLN3jiPEMyeDhqmsUTjYuVjd4CWKR5Bm2rBWKwPIw1U1kA==

systeminformation@^3.54.0:
  version "3.54.0"
  resolved "https://registry.yarnpkg.com/systeminformation/-/systeminformation-3.54.0.tgz#4144fde583a67e351b501772169107ab56a46ec1"
  integrity sha512-kWzMlMS4B2bz+b9qhmdrbdZZuVpf3LJr4lbIZbOVbfXlJLlPJLmoUlCy+2VmTd/ow1xZGUkaQNBSz0X19NViWA==
